
Microsoft Visual Studio Solution File, Format Version 12.00
# Visual Studio Version 17
VisualStudioVersion = 17.4.33213.308
MinimumVisualStudioVersion = 10.0.40219.1
Project("{9A19103F-16F7-4668-BE54-9A1E7A4F7556}") = "Homework_Skillbox_Module_7", "Homework_Skillbox_Module_7\Homework_Skillbox_Module_7.csproj", "{6F85C2EC-C945-45E2-961D-33ECEEB10FFA}"
EndProject
Global
	GlobalSection(SolutionConfigurationPlatforms) = preSolution
		Debug|Any CPU = Debug|Any CPU
		Release|Any CPU = Release|Any CPU
	EndGlobalSection
	GlobalSection(ProjectConfigurationPlatforms) = postSolution
		{6F85C2EC-C945-45E2-961D-33ECEEB10FFA}.Debug|Any CPU.ActiveCfg = Debug|Any CPU
		{6F85C2EC-C945-45E2-961D-33ECEEB10FFA}.Debug|Any CPU.Build.0 = Debug|Any CPU
		{6F85C2EC-C945-45E2-961D-33ECEEB10FFA}.Release|Any CPU.ActiveCfg = Release|Any CPU
		{6F85C2EC-C945-45E2-961D-33ECEEB10FFA}.Release|Any CPU.Build.0 = Release|Any CPU
	EndGlobalSection
	GlobalSection(SolutionProperties) = preSolution
		HideSolutionNode = FALSE
	EndGlobalSection
	GlobalSection(ExtensibilityGlobals) = postSolution
		SolutionGuid = {E6191852-A261-4592-BCFD-F2599C6B1CCD}
	EndGlobalSection
EndGlobal
